
Microsoft Visual Studio Solution File, Format Version 12.00
# Visual Studio Version 16
VisualStudioVersion = 16.0.33529.622
MinimumVisualStudioVersion = 10.0.40219.1
Project("{FAE04EC0-301F-11D3-BF4B-00C04F79EFBC}") = "MCVStok", "MCVStok\MCVStok.csproj", "{DB3F9AB8-1813-4A4E-AFC4-3F424E2A125F}"
EndProject
Global
	GlobalSection(SolutionConfigurationPlatforms) = preSolution
		Debug|Any CPU = Debug|Any CPU
		Release|Any CPU = Release|Any CPU
	EndGlobalSection
	GlobalSection(ProjectConfigurationPlatforms) = postSolution
		{DB3F9AB8-1813-4A4E-AFC4-3F424E2A125F}.Debug|Any CPU.ActiveCfg = Debug|Any CPU
		{DB3F9AB8-1813-4A4E-AFC4-3F424E2A125F}.Debug|Any CPU.Build.0 = Debug|Any CPU
		{DB3F9AB8-1813-4A4E-AFC4-3F424E2A125F}.Release|Any CPU.ActiveCfg = Release|Any CPU
		{DB3F9AB8-1813-4A4E-AFC4-3F424E2A125F}.Release|Any CPU.Build.0 = Release|Any CPU
	EndGlobalSection
	GlobalSection(SolutionProperties) = preSolution
		HideSolutionNode = FALSE
	EndGlobalSection
	GlobalSection(ExtensibilityGlobals) = postSolution
		SolutionGuid = {3A571165-3F50-4775-B41A-C1BF87B4F9FF}
	EndGlobalSection
EndGlobal
